// !$*UTF8*$!
{
	archiveVersion = 1;
	classes = {
	};
	objectVersion = 50;
	objects = {

/* Begin PBXBuildFile section */
		880FFB3323E758F800C5515E /* ScatterPlot.swift in Sources */ = {isa = PBXBuildFile; fileRef = 880FFB2823E758F700C5515E /* ScatterPlot.swift */; };
		880FFB3423E758F800C5515E /* Point.swift in Sources */ = {isa = PBXBuildFile; fileRef = 880FFB2923E758F700C5515E /* Point.swift */; };
		880FFB3623E758F800C5515E /* Axis.swift in Sources */ = {isa = PBXBuildFile; fileRef = 880FFB2B23E758F700C5515E /* Axis.swift */; };
		880FFB3723E758F800C5515E /* Chart.swift in Sources */ = {isa = PBXBuildFile; fileRef = 880FFB2C23E758F700C5515E /* Chart.swift */; };
		880FFB3823E758F800C5515E /* Base2DPlots.swift in Sources */ = {isa = PBXBuildFile; fileRef = 880FFB2D23E758F700C5515E /* Base2DPlots.swift */; };
		880FFB3923E758F800C5515E /* PiePlot.swift in Sources */ = {isa = PBXBuildFile; fileRef = 880FFB2E23E758F700C5515E /* PiePlot.swift */; };
		880FFB3A23E758F800C5515E /* LinePlot.swift in Sources */ = {isa = PBXBuildFile; fileRef = 880FFB2F23E758F700C5515E /* LinePlot.swift */; };
		880FFB3B23E758F800C5515E /* BarPlot.swift in Sources */ = {isa = PBXBuildFile; fileRef = 880FFB3023E758F700C5515E /* BarPlot.swift */; };
		880FFB3C23E758F800C5515E /* Paint.swift in Sources */ = {isa = PBXBuildFile; fileRef = 880FFB3123E758F700C5515E /* Paint.swift */; };
		880FFB3D23E758F800C5515E /* BasePlot.swift in Sources */ = {isa = PBXBuildFile; fileRef = 880FFB3223E758F800C5515E /* BasePlot.swift */; };
		880FFB4323E75A4E00C5515E /* BaseTextPlot.swift in Sources */ = {isa = PBXBuildFile; fileRef = 880FFB4223E75A4E00C5515E /* BaseTextPlot.swift */; };
		880FFB4D23E8854400C5515E /* Observables.swift in Sources */ = {isa = PBXBuildFile; fileRef = 880FFB4C23E8854400C5515E /* Observables.swift */; };
		880FFB5323E88C8300C5515E /* libCharting.a in Frameworks */ = {isa = PBXBuildFile; fileRef = 880FFB2023E758E400C5515E /* libCharting.a */; };
		880FFB5423E88C8300C5515E /* libObservables.a in Frameworks */ = {isa = PBXBuildFile; fileRef = 880FFB4A23E8854400C5515E /* libObservables.a */; };
		880FFB5623E8E56700C5515E /* Requests.swift in Sources */ = {isa = PBXBuildFile; fileRef = 880FFB5523E8E56700C5515E /* Requests.swift */; };
		880FFB5E23E9B80400C5515E /* Utils.swift in Sources */ = {isa = PBXBuildFile; fileRef = 880FFB5D23E9B80400C5515E /* Utils.swift */; };
		880FFB6323E9B82700C5515E /* UIViewExtensions.swift in Sources */ = {isa = PBXBuildFile; fileRef = 880FFB6223E9B82700C5515E /* UIViewExtensions.swift */; };
		880FFB6523E9B96700C5515E /* OptionalExtensions.swift in Sources */ = {isa = PBXBuildFile; fileRef = 880FFB6423E9B96700C5515E /* OptionalExtensions.swift */; };
		880FFB6823E9BDAE00C5515E /* libUtils.a in Frameworks */ = {isa = PBXBuildFile; fileRef = 880FFB5B23E9B80400C5515E /* libUtils.a */; };
		880FFB6D23EB161500C5515E /* ColorLabelView.swift in Sources */ = {isa = PBXBuildFile; fileRef = 880FFB6C23EB161500C5515E /* ColorLabelView.swift */; };
		880FFB6F23EB197400C5515E /* Array.swift in Sources */ = {isa = PBXBuildFile; fileRef = 880FFB6E23EB197400C5515E /* Array.swift */; };
		8835B09923E757E400A8C55F /* AppDelegate.swift in Sources */ = {isa = PBXBuildFile; fileRef = 8835B09823E757E400A8C55F /* AppDelegate.swift */; };
		8835B09B23E757E400A8C55F /* SceneDelegate.swift in Sources */ = {isa = PBXBuildFile; fileRef = 8835B09A23E757E400A8C55F /* SceneDelegate.swift */; };
		8835B09D23E757E400A8C55F /* ViewController.swift in Sources */ = {isa = PBXBuildFile; fileRef = 8835B09C23E757E400A8C55F /* ViewController.swift */; };
		8835B0A023E757E400A8C55F /* Main.storyboard in Resources */ = {isa = PBXBuildFile; fileRef = 8835B09E23E757E400A8C55F /* Main.storyboard */; };
		8835B0A223E757E700A8C55F /* Assets.xcassets in Resources */ = {isa = PBXBuildFile; fileRef = 8835B0A123E757E700A8C55F /* Assets.xcassets */; };
		8835B0A523E757E700A8C55F /* LaunchScreen.storyboard in Resources */ = {isa = PBXBuildFile; fileRef = 8835B0A323E757E700A8C55F /* LaunchScreen.storyboard */; };
		DAF96813EACA2792C624C665 /* Pods_Charting_Tests.framework in Frameworks */ = {isa = PBXBuildFile; fileRef = 419720687FF0BCC51B304651 /* Pods_Charting_Tests.framework */; };
/* End PBXBuildFile section */

/* Begin PBXContainerItemProxy section */
		880FFB4423E75B7300C5515E /* PBXContainerItemProxy */ = {
			isa = PBXContainerItemProxy;
			containerPortal = 8835B08D23E757E300A8C55F /* Project object */;
			proxyType = 1;
			remoteGlobalIDString = 880FFB1F23E758E400C5515E;
			remoteInfo = Charting;
		};
		880FFB5123E8884500C5515E /* PBXContainerItemProxy */ = {
			isa = PBXContainerItemProxy;
			containerPortal = 8835B08D23E757E300A8C55F /* Project object */;
			proxyType = 1;
			remoteGlobalIDString = 880FFB4923E8854400C5515E;
			remoteInfo = Observables;
		};
		880FFB6623E9BDA900C5515E /* PBXContainerItemProxy */ = {
			isa = PBXContainerItemProxy;
			containerPortal = 8835B08D23E757E300A8C55F /* Project object */;
			proxyType = 1;
			remoteGlobalIDString = 880FFB5A23E9B80400C5515E;
			remoteInfo = Utils;
		};
/* End PBXContainerItemProxy section */

/* Begin PBXCopyFilesBuildPhase section */
		880FFB1E23E758E400C5515E /* CopyFiles */ = {
			isa = PBXCopyFilesBuildPhase;
			buildActionMask = 2147483647;
			dstPath = "include/$(PRODUCT_NAME)";
			dstSubfolderSpec = 16;
			files = (
			);
			runOnlyForDeploymentPostprocessing = 0;
		};
		880FFB4823E8854400C5515E /* CopyFiles */ = {
			isa = PBXCopyFilesBuildPhase;
			buildActionMask = 2147483647;
			dstPath = "include/$(PRODUCT_NAME)";
			dstSubfolderSpec = 16;
			files = (
			);
			runOnlyForDeploymentPostprocessing = 0;
		};
		880FFB5923E9B80400C5515E /* CopyFiles */ = {
			isa = PBXCopyFilesBuildPhase;
			buildActionMask = 2147483647;
			dstPath = "include/$(PRODUCT_NAME)";
			dstSubfolderSpec = 16;
			files = (
			);
			runOnlyForDeploymentPostprocessing = 0;
		};
/* End PBXCopyFilesBuildPhase section */

/* Begin PBXFileReference section */
		419720687FF0BCC51B304651 /* Pods_Charting_Tests.framework */ = {isa = PBXFileReference; explicitFileType = wrapper.framework; includeInIndex = 0; path = Pods_Charting_Tests.framework; sourceTree = BUILT_PRODUCTS_DIR; };
		880FFB2023E758E400C5515E /* libCharting.a */ = {isa = PBXFileReference; explicitFileType = archive.ar; includeInIndex = 0; path = libCharting.a; sourceTree = BUILT_PRODUCTS_DIR; };
		880FFB2723E758F600C5515E /* Charting-Bridging-Header.h */ = {isa = PBXFileReference; lastKnownFileType = sourcecode.c.h; path = "Charting-Bridging-Header.h"; sourceTree = "<group>"; };
		880FFB2823E758F700C5515E /* ScatterPlot.swift */ = {isa = PBXFileReference; fileEncoding = 4; lastKnownFileType = sourcecode.swift; path = ScatterPlot.swift; sourceTree = "<group>"; };
		880FFB2923E758F700C5515E /* Point.swift */ = {isa = PBXFileReference; fileEncoding = 4; lastKnownFileType = sourcecode.swift; path = Point.swift; sourceTree = "<group>"; };
		880FFB2B23E758F700C5515E /* Axis.swift */ = {isa = PBXFileReference; fileEncoding = 4; lastKnownFileType = sourcecode.swift; path = Axis.swift; sourceTree = "<group>"; };
		880FFB2C23E758F700C5515E /* Chart.swift */ = {isa = PBXFileReference; fileEncoding = 4; lastKnownFileType = sourcecode.swift; path = Chart.swift; sourceTree = "<group>"; };
		880FFB2D23E758F700C5515E /* Base2DPlots.swift */ = {isa = PBXFileReference; fileEncoding = 4; lastKnownFileType = sourcecode.swift; path = Base2DPlots.swift; sourceTree = "<group>"; };
		880FFB2E23E758F700C5515E /* PiePlot.swift */ = {isa = PBXFileReference; fileEncoding = 4; lastKnownFileType = sourcecode.swift; path = PiePlot.swift; sourceTree = "<group>"; };
		880FFB2F23E758F700C5515E /* LinePlot.swift */ = {isa = PBXFileReference; fileEncoding = 4; lastKnownFileType = sourcecode.swift; path = LinePlot.swift; sourceTree = "<group>"; };
		880FFB3023E758F700C5515E /* BarPlot.swift */ = {isa = PBXFileReference; fileEncoding = 4; lastKnownFileType = sourcecode.swift; path = BarPlot.swift; sourceTree = "<group>"; };
		880FFB3123E758F700C5515E /* Paint.swift */ = {isa = PBXFileReference; fileEncoding = 4; lastKnownFileType = sourcecode.swift; path = Paint.swift; sourceTree = "<group>"; };
		880FFB3223E758F800C5515E /* BasePlot.swift */ = {isa = PBXFileReference; fileEncoding = 4; lastKnownFileType = sourcecode.swift; path = BasePlot.swift; sourceTree = "<group>"; };
		880FFB4223E75A4E00C5515E /* BaseTextPlot.swift */ = {isa = PBXFileReference; fileEncoding = 4; lastKnownFileType = sourcecode.swift; path = BaseTextPlot.swift; sourceTree = "<group>"; };
		880FFB4A23E8854400C5515E /* libObservables.a */ = {isa = PBXFileReference; explicitFileType = archive.ar; includeInIndex = 0; path = libObservables.a; sourceTree = BUILT_PRODUCTS_DIR; };
		880FFB4C23E8854400C5515E /* Observables.swift */ = {isa = PBXFileReference; lastKnownFileType = sourcecode.swift; path = Observables.swift; sourceTree = "<group>"; };
		880FFB5523E8E56700C5515E /* Requests.swift */ = {isa = PBXFileReference; lastKnownFileType = sourcecode.swift; path = Requests.swift; sourceTree = "<group>"; };
		880FFB5B23E9B80400C5515E /* libUtils.a */ = {isa = PBXFileReference; explicitFileType = archive.ar; includeInIndex = 0; path = libUtils.a; sourceTree = BUILT_PRODUCTS_DIR; };
		880FFB5D23E9B80400C5515E /* Utils.swift */ = {isa = PBXFileReference; lastKnownFileType = sourcecode.swift; path = Utils.swift; sourceTree = "<group>"; };
		880FFB6223E9B82700C5515E /* UIViewExtensions.swift */ = {isa = PBXFileReference; lastKnownFileType = sourcecode.swift; path = UIViewExtensions.swift; sourceTree = "<group>"; };
		880FFB6423E9B96700C5515E /* OptionalExtensions.swift */ = {isa = PBXFileReference; lastKnownFileType = sourcecode.swift; path = OptionalExtensions.swift; sourceTree = "<group>"; };
		880FFB6C23EB161500C5515E /* ColorLabelView.swift */ = {isa = PBXFileReference; lastKnownFileType = sourcecode.swift; path = ColorLabelView.swift; sourceTree = "<group>"; };
		880FFB6E23EB197400C5515E /* Array.swift */ = {isa = PBXFileReference; lastKnownFileType = sourcecode.swift; path = Array.swift; sourceTree = "<group>"; };
		8835B09523E757E400A8C55F /* Charting Tests.app */ = {isa = PBXFileReference; explicitFileType = wrapper.application; includeInIndex = 0; path = "Charting Tests.app"; sourceTree = BUILT_PRODUCTS_DIR; };
		8835B09823E757E400A8C55F /* AppDelegate.swift */ = {isa = PBXFileReference; lastKnownFileType = sourcecode.swift; path = AppDelegate.swift; sourceTree = "<group>"; };
		8835B09A23E757E400A8C55F /* SceneDelegate.swift */ = {isa = PBXFileReference; lastKnownFileType = sourcecode.swift; path = SceneDelegate.swift; sourceTree = "<group>"; };
		8835B09C23E757E400A8C55F /* ViewController.swift */ = {isa = PBXFileReference; lastKnownFileType = sourcecode.swift; path = ViewController.swift; sourceTree = "<group>"; };
		8835B09F23E757E400A8C55F /* Base */ = {isa = PBXFileReference; lastKnownFileType = file.storyboard; name = Base; path = Base.lproj/Main.storyboard; sourceTree = "<group>"; };
		8835B0A123E757E700A8C55F /* Assets.xcassets */ = {isa = PBXFileReference; lastKnownFileType = folder.assetcatalog; path = Assets.xcassets; sourceTree = "<group>"; };
		8835B0A423E757E700A8C55F /* Base */ = {isa = PBXFileReference; lastKnownFileType = file.storyboard; name = Base; path = Base.lproj/LaunchScreen.storyboard; sourceTree = "<group>"; };
		8835B0A623E757E700A8C55F /* Info.plist */ = {isa = PBXFileReference; lastKnownFileType = text.plist.xml; path = Info.plist; sourceTree = "<group>"; };
		F3EAA1DB4DCB819C9FC10960 /* Pods-Charting Tests.debug.xcconfig */ = {isa = PBXFileReference; includeInIndex = 1; lastKnownFileType = text.xcconfig; name = "Pods-Charting Tests.debug.xcconfig"; path = "Target Support Files/Pods-Charting Tests/Pods-Charting Tests.debug.xcconfig"; sourceTree = "<group>"; };
		F3F414B5598CD44D2D595BBF /* Pods-Charting Tests.release.xcconfig */ = {isa = PBXFileReference; includeInIndex = 1; lastKnownFileType = text.xcconfig; name = "Pods-Charting Tests.release.xcconfig"; path = "Target Support Files/Pods-Charting Tests/Pods-Charting Tests.release.xcconfig"; sourceTree = "<group>"; };
/* End PBXFileReference section */

/* Begin PBXFrameworksBuildPhase section */
		880FFB1D23E758E400C5515E /* Frameworks */ = {
			isa = PBXFrameworksBuildPhase;
			buildActionMask = 2147483647;
			files = (
			);
			runOnlyForDeploymentPostprocessing = 0;
		};
		880FFB4723E8854400C5515E /* Frameworks */ = {
			isa = PBXFrameworksBuildPhase;
			buildActionMask = 2147483647;
			files = (
			);
			runOnlyForDeploymentPostprocessing = 0;
		};
		880FFB5823E9B80400C5515E /* Frameworks */ = {
			isa = PBXFrameworksBuildPhase;
			buildActionMask = 2147483647;
			files = (
			);
			runOnlyForDeploymentPostprocessing = 0;
		};
		8835B09223E757E300A8C55F /* Frameworks */ = {
			isa = PBXFrameworksBuildPhase;
			buildActionMask = 2147483647;
			files = (
				880FFB6823E9BDAE00C5515E /* libUtils.a in Frameworks */,
				880FFB5323E88C8300C5515E /* libCharting.a in Frameworks */,
				880FFB5423E88C8300C5515E /* libObservables.a in Frameworks */,
				DAF96813EACA2792C624C665 /* Pods_Charting_Tests.framework in Frameworks */,
			);
			runOnlyForDeploymentPostprocessing = 0;
		};
/* End PBXFrameworksBuildPhase section */

/* Begin PBXGroup section */
		372369BEF5BF608CE075994F /* Pods */ = {
			isa = PBXGroup;
			children = (
				F3EAA1DB4DCB819C9FC10960 /* Pods-Charting Tests.debug.xcconfig */,
				F3F414B5598CD44D2D595BBF /* Pods-Charting Tests.release.xcconfig */,
			);
			path = Pods;
			sourceTree = "<group>";
		};
		880FFB2123E758E400C5515E /* Charting */ = {
			isa = PBXGroup;
			children = (
				880FFB2B23E758F700C5515E /* Axis.swift */,
				880FFB3023E758F700C5515E /* BarPlot.swift */,
				880FFB2D23E758F700C5515E /* Base2DPlots.swift */,
				880FFB3223E758F800C5515E /* BasePlot.swift */,
				880FFB4223E75A4E00C5515E /* BaseTextPlot.swift */,
				880FFB2C23E758F700C5515E /* Chart.swift */,
				880FFB2F23E758F700C5515E /* LinePlot.swift */,
				880FFB3123E758F700C5515E /* Paint.swift */,
				880FFB2E23E758F700C5515E /* PiePlot.swift */,
				880FFB2923E758F700C5515E /* Point.swift */,
				880FFB2823E758F700C5515E /* ScatterPlot.swift */,
				880FFB2723E758F600C5515E /* Charting-Bridging-Header.h */,
			);
			path = Charting;
			sourceTree = "<group>";
		};
		880FFB4B23E8854400C5515E /* Observables */ = {
			isa = PBXGroup;
			children = (
				880FFB4C23E8854400C5515E /* Observables.swift */,
			);
			path = Observables;
			sourceTree = "<group>";
		};
		880FFB5C23E9B80400C5515E /* Utils */ = {
			isa = PBXGroup;
			children = (
				880FFB5D23E9B80400C5515E /* Utils.swift */,
				880FFB6223E9B82700C5515E /* UIViewExtensions.swift */,
				880FFB6423E9B96700C5515E /* OptionalExtensions.swift */,
				880FFB6E23EB197400C5515E /* Array.swift */,
			);
			path = Utils;
			sourceTree = "<group>";
		};
		8835B08C23E757E300A8C55F = {
			isa = PBXGroup;
			children = (
				8835B09723E757E400A8C55F /* Charting Tests */,
				880FFB2123E758E400C5515E /* Charting */,
				880FFB4B23E8854400C5515E /* Observables */,
				880FFB5C23E9B80400C5515E /* Utils */,
				8835B09623E757E400A8C55F /* Products */,
				372369BEF5BF608CE075994F /* Pods */,
				A9A97376528B113D2C041C94 /* Frameworks */,
			);
			sourceTree = "<group>";
		};
		8835B09623E757E400A8C55F /* Products */ = {
			isa = PBXGroup;
			children = (
				8835B09523E757E400A8C55F /* Charting Tests.app */,
				880FFB2023E758E400C5515E /* libCharting.a */,
				880FFB4A23E8854400C5515E /* libObservables.a */,
				880FFB5B23E9B80400C5515E /* libUtils.a */,
			);
			name = Products;
			sourceTree = "<group>";
		};
		8835B09723E757E400A8C55F /* Charting Tests */ = {
			isa = PBXGroup;
			children = (
				880FFB5523E8E56700C5515E /* Requests.swift */,
				8835B09823E757E400A8C55F /* AppDelegate.swift */,
				8835B09A23E757E400A8C55F /* SceneDelegate.swift */,
				8835B09C23E757E400A8C55F /* ViewController.swift */,
				8835B09E23E757E400A8C55F /* Main.storyboard */,
				8835B0A123E757E700A8C55F /* Assets.xcassets */,
				8835B0A323E757E700A8C55F /* LaunchScreen.storyboard */,
				8835B0A623E757E700A8C55F /* Info.plist */,
				880FFB6C23EB161500C5515E /* ColorLabelView.swift */,
			);
			path = "Charting Tests";
			sourceTree = "<group>";
		};
		A9A97376528B113D2C041C94 /* Frameworks */ = {
			isa = PBXGroup;
			children = (
				419720687FF0BCC51B304651 /* Pods_Charting_Tests.framework */,
			);
			name = Frameworks;
			sourceTree = "<group>";
		};
/* End PBXGroup section */

/* Begin PBXNativeTarget section */
		880FFB1F23E758E400C5515E /* Charting */ = {
			isa = PBXNativeTarget;
			buildConfigurationList = 880FFB2623E758E400C5515E /* Build configuration list for PBXNativeTarget "Charting" */;
			buildPhases = (
				880FFB1C23E758E400C5515E /* Sources */,
				880FFB1D23E758E400C5515E /* Frameworks */,
				880FFB1E23E758E400C5515E /* CopyFiles */,
			);
			buildRules = (
			);
			dependencies = (
			);
			name = Charting;
			productName = Charting;
			productReference = 880FFB2023E758E400C5515E /* libCharting.a */;
			productType = "com.apple.product-type.library.static";
		};
		880FFB4923E8854400C5515E /* Observables */ = {
			isa = PBXNativeTarget;
			buildConfigurationList = 880FFB4E23E8854400C5515E /* Build configuration list for PBXNativeTarget "Observables" */;
			buildPhases = (
				880FFB4623E8854400C5515E /* Sources */,
				880FFB4723E8854400C5515E /* Frameworks */,
				880FFB4823E8854400C5515E /* CopyFiles */,
			);
			buildRules = (
			);
			dependencies = (
			);
			name = Observables;
			productName = Observables;
			productReference = 880FFB4A23E8854400C5515E /* libObservables.a */;
			productType = "com.apple.product-type.library.static";
		};
		880FFB5A23E9B80400C5515E /* Utils */ = {
			isa = PBXNativeTarget;
			buildConfigurationList = 880FFB5F23E9B80400C5515E /* Build configuration list for PBXNativeTarget "Utils" */;
			buildPhases = (
				880FFB5723E9B80400C5515E /* Sources */,
				880FFB5823E9B80400C5515E /* Frameworks */,
				880FFB5923E9B80400C5515E /* CopyFiles */,
			);
			buildRules = (
			);
			dependencies = (
			);
			name = Utils;
			productName = Utils;
			productReference = 880FFB5B23E9B80400C5515E /* libUtils.a */;
			productType = "com.apple.product-type.library.static";
		};
		8835B09423E757E300A8C55F /* Charting Tests */ = {
			isa = PBXNativeTarget;
			buildConfigurationList = 8835B0A923E757E700A8C55F /* Build configuration list for PBXNativeTarget "Charting Tests" */;
			buildPhases = (
				616D5122C73E265AA3F17449 /* [CP] Check Pods Manifest.lock */,
				8835B09123E757E300A8C55F /* Sources */,
				8835B09223E757E300A8C55F /* Frameworks */,
				8835B09323E757E300A8C55F /* Resources */,
			);
			buildRules = (
			);
			dependencies = (
				880FFB6723E9BDA900C5515E /* PBXTargetDependency */,
				880FFB5223E8884500C5515E /* PBXTargetDependency */,
				880FFB4523E75B7300C5515E /* PBXTargetDependency */,
			);
			name = "Charting Tests";
			productName = "Charting Tests";
			productReference = 8835B09523E757E400A8C55F /* Charting Tests.app */;
			productType = "com.apple.product-type.application";
		};
/* End PBXNativeTarget section */

/* Begin PBXProject section */
		8835B08D23E757E300A8C55F /* Project object */ = {
			isa = PBXProject;
			attributes = {
				LastSwiftUpdateCheck = 1130;
				LastUpgradeCheck = 1130;
				ORGANIZATIONNAME = "Renato Ribeiro";
				TargetAttributes = {
					880FFB1F23E758E400C5515E = {
						CreatedOnToolsVersion = 11.3;
						LastSwiftMigration = 1130;
					};
					880FFB4923E8854400C5515E = {
						CreatedOnToolsVersion = 11.3;
					};
					880FFB5A23E9B80400C5515E = {
						CreatedOnToolsVersion = 11.3;
					};
					8835B09423E757E300A8C55F = {
						CreatedOnToolsVersion = 11.3;
					};
				};
			};
			buildConfigurationList = 8835B09023E757E300A8C55F /* Build configuration list for PBXProject "Charting Tests" */;
			compatibilityVersion = "Xcode 9.3";
			developmentRegion = en;
			hasScannedForEncodings = 0;
			knownRegions = (
				en,
				Base,
			);
			mainGroup = 8835B08C23E757E300A8C55F;
			productRefGroup = 8835B09623E757E400A8C55F /* Products */;
			projectDirPath = "";
			projectRoot = "";
			targets = (
				8835B09423E757E300A8C55F /* Charting Tests */,
				880FFB1F23E758E400C5515E /* Charting */,
				880FFB4923E8854400C5515E /* Observables */,
				880FFB5A23E9B80400C5515E /* Utils */,
			);
		};
/* End PBXProject section */

/* Begin PBXResourcesBuildPhase section */
		8835B09323E757E300A8C55F /* Resources */ = {
			isa = PBXResourcesBuildPhase;
			buildActionMask = 2147483647;
			files = (
				8835B0A523E757E700A8C55F /* LaunchScreen.storyboard in Resources */,
				8835B0A223E757E700A8C55F /* Assets.xcassets in Resources */,
				8835B0A023E757E400A8C55F /* Main.storyboard in Resources */,
			);
			runOnlyForDeploymentPostprocessing = 0;
		};
/* End PBXResourcesBuildPhase section */

/* Begin PBXShellScriptBuildPhase section */
		616D5122C73E265AA3F17449 /* [CP] Check Pods Manifest.lock */ = {
			isa = PBXShellScriptBuildPhase;
			buildActionMask = 2147483647;
			files = (
			);
			inputFileListPaths = (
			);
			inputPaths = (
				"${PODS_PODFILE_DIR_PATH}/Podfile.lock",
				"${PODS_ROOT}/Manifest.lock",
			);
			name = "[CP] Check Pods Manifest.lock";
			outputFileListPaths = (
			);
			outputPaths = (
				"$(DERIVED_FILE_DIR)/Pods-Charting Tests-checkManifestLockResult.txt",
			);
			runOnlyForDeploymentPostprocessing = 0;
			shellPath = /bin/sh;
			shellScript = "diff \"${PODS_PODFILE_DIR_PATH}/Podfile.lock\" \"${PODS_ROOT}/Manifest.lock\" > /dev/null\nif [ $? != 0 ] ; then\n    # print error to STDERR\n    echo \"error: The sandbox is not in sync with the Podfile.lock. Run 'pod install' or update your CocoaPods installation.\" >&2\n    exit 1\nfi\n# This output is used by Xcode 'outputs' to avoid re-running this script phase.\necho \"SUCCESS\" > \"${SCRIPT_OUTPUT_FILE_0}\"\n";
			showEnvVarsInLog = 0;
		};
/* End PBXShellScriptBuildPhase section */

/* Begin PBXSourcesBuildPhase section */
		880FFB1C23E758E400C5515E /* Sources */ = {
			isa = PBXSourcesBuildPhase;
			buildActionMask = 2147483647;
			files = (
				880FFB3A23E758F800C5515E /* LinePlot.swift in Sources */,
				880FFB3723E758F800C5515E /* Chart.swift in Sources */,
				880FFB4323E75A4E00C5515E /* BaseTextPlot.swift in Sources */,
				880FFB3823E758F800C5515E /* Base2DPlots.swift in Sources */,
				880FFB3923E758F800C5515E /* PiePlot.swift in Sources */,
				880FFB3423E758F800C5515E /* Point.swift in Sources */,
				880FFB3C23E758F800C5515E /* Paint.swift in Sources */,
				880FFB3623E758F800C5515E /* Axis.swift in Sources */,
				880FFB3323E758F800C5515E /* ScatterPlot.swift in Sources */,
				880FFB3B23E758F800C5515E /* BarPlot.swift in Sources */,
				880FFB3D23E758F800C5515E /* BasePlot.swift in Sources */,
			);
			runOnlyForDeploymentPostprocessing = 0;
		};
		880FFB4623E8854400C5515E /* Sources */ = {
			isa = PBXSourcesBuildPhase;
			buildActionMask = 2147483647;
			files = (
				880FFB4D23E8854400C5515E /* Observables.swift in Sources */,
			);
			runOnlyForDeploymentPostprocessing = 0;
		};
		880FFB5723E9B80400C5515E /* Sources */ = {
			isa = PBXSourcesBuildPhase;
			buildActionMask = 2147483647;
			files = (
				880FFB6323E9B82700C5515E /* UIViewExtensions.swift in Sources */,
				880FFB6F23EB197400C5515E /* Array.swift in Sources */,
				880FFB6523E9B96700C5515E /* OptionalExtensions.swift in Sources */,
				880FFB5E23E9B80400C5515E /* Utils.swift in Sources */,
			);
			runOnlyForDeploymentPostprocessing = 0;
		};
		8835B09123E757E300A8C55F /* Sources */ = {
			isa = PBXSourcesBuildPhase;
			buildActionMask = 2147483647;
			files = (
				8835B09D23E757E400A8C55F /* ViewController.swift in Sources */,
				880FFB5623E8E56700C5515E /* Requests.swift in Sources */,
				8835B09923E757E400A8C55F /* AppDelegate.swift in Sources */,
				880FFB6D23EB161500C5515E /* ColorLabelView.swift in Sources */,
				8835B09B23E757E400A8C55F /* SceneDelegate.swift in Sources */,
			);
			runOnlyForDeploymentPostprocessing = 0;
		};
/* End PBXSourcesBuildPhase section */

/* Begin PBXTargetDependency section */
		880FFB4523E75B7300C5515E /* PBXTargetDependency */ = {
			isa = PBXTargetDependency;
			target = 880FFB1F23E758E400C5515E /* Charting */;
			targetProxy = 880FFB4423E75B7300C5515E /* PBXContainerItemProxy */;
		};
		880FFB5223E8884500C5515E /* PBXTargetDependency */ = {
			isa = PBXTargetDependency;
			target = 880FFB4923E8854400C5515E /* Observables */;
			targetProxy = 880FFB5123E8884500C5515E /* PBXContainerItemProxy */;
		};
		880FFB6723E9BDA900C5515E /* PBXTargetDependency */ = {
			isa = PBXTargetDependency;
			target = 880FFB5A23E9B80400C5515E /* Utils */;
			targetProxy = 880FFB6623E9BDA900C5515E /* PBXContainerItemProxy */;
		};
/* End PBXTargetDependency section */

/* Begin PBXVariantGroup section */
		8835B09E23E757E400A8C55F /* Main.storyboard */ = {
			isa = PBXVariantGroup;
			children = (
				8835B09F23E757E400A8C55F /* Base */,
			);
			name = Main.storyboard;
			sourceTree = "<group>";
		};
		8835B0A323E757E700A8C55F /* LaunchScreen.storyboard */ = {
			isa = PBXVariantGroup;
			children = (
				8835B0A423E757E700A8C55F /* Base */,
			);
			name = LaunchScreen.storyboard;
			sourceTree = "<group>";
		};
/* End PBXVariantGroup section */

/* Begin XCBuildConfiguration section */
		880FFB2423E758E400C5515E /* Debug */ = {
			isa = XCBuildConfiguration;
			buildSettings = {
				CLANG_ENABLE_MODULES = YES;
				CODE_SIGN_STYLE = Automatic;
				DEVELOPMENT_TEAM = SQJJLV44P2;
				LD_RUNPATH_SEARCH_PATHS = (
					"$(inherited)",
					"@executable_path/Frameworks",
					"@loader_path/Frameworks",
				);
				OTHER_LDFLAGS = "-ObjC";
				PRODUCT_NAME = "$(TARGET_NAME)";
				SKIP_INSTALL = YES;
				SWIFT_OBJC_BRIDGING_HEADER = "Charting/Charting-Bridging-Header.h";
				SWIFT_OPTIMIZATION_LEVEL = "-Onone";
				SWIFT_VERSION = 5.0;
				TARGETED_DEVICE_FAMILY = "1,2";
			};
			name = Debug;
		};
		880FFB2523E758E400C5515E /* Release */ = {
			isa = XCBuildConfiguration;
			buildSettings = {
				CLANG_ENABLE_MODULES = YES;
				CODE_SIGN_STYLE = Automatic;
				DEVELOPMENT_TEAM = SQJJLV44P2;
				LD_RUNPATH_SEARCH_PATHS = (
					"$(inherited)",
					"@executable_path/Frameworks",
					"@loader_path/Frameworks",
				);
				OTHER_LDFLAGS = "-ObjC";
				PRODUCT_NAME = "$(TARGET_NAME)";
				SKIP_INSTALL = YES;
				SWIFT_OBJC_BRIDGING_HEADER = "Charting/Charting-Bridging-Header.h";
				SWIFT_VERSION = 5.0;
				TARGETED_DEVICE_FAMILY = "1,2";
			};
			name = Release;
		};
		880FFB4F23E8854400C5515E /* Debug */ = {
			isa = XCBuildConfiguration;
			buildSettings = {
				CODE_SIGN_STYLE = Automatic;
				DEVELOPMENT_TEAM = SQJJLV44P2;
				OTHER_LDFLAGS = "-ObjC";
				PRODUCT_NAME = "$(TARGET_NAME)";
				SKIP_INSTALL = YES;
				SWIFT_VERSION = 5.0;
				TARGETED_DEVICE_FAMILY = "1,2";
			};
			name = Debug;
		};
		880FFB5023E8854400C5515E /* Release */ = {
			isa = XCBuildConfiguration;
			buildSettings = {
				CODE_SIGN_STYLE = Automatic;
				DEVELOPMENT_TEAM = SQJJLV44P2;
				OTHER_LDFLAGS = "-ObjC";
				PRODUCT_NAME = "$(TARGET_NAME)";
				SKIP_INSTALL = YES;
				SWIFT_VERSION = 5.0;
				TARGETED_DEVICE_FAMILY = "1,2";
			};
			name = Release;
		};
		880FFB6023E9B80400C5515E /* Debug */ = {
			isa = XCBuildConfiguration;
			buildSettings = {
				CODE_SIGN_STYLE = Automatic;
				DEVELOPMENT_TEAM = SQJJLV44P2;
				OTHER_LDFLAGS = "-ObjC";
				PRODUCT_NAME = "$(TARGET_NAME)";
				SKIP_INSTALL = YES;
				SWIFT_VERSION = 5.0;
				TARGETED_DEVICE_FAMILY = "1,2";
			};
			name = Debug;
		};
		880FFB6123E9B80400C5515E /* Release */ = {
			isa = XCBuildConfiguration;
			buildSettings = {
				CODE_SIGN_STYLE = Automatic;
				DEVELOPMENT_TEAM = SQJJLV44P2;
				OTHER_LDFLAGS = "-ObjC";
				PRODUCT_NAME = "$(TARGET_NAME)";
				SKIP_INSTALL = YES;
				SWIFT_VERSION = 5.0;
				TARGETED_DEVICE_FAMILY = "1,2";
			};
			name = Release;
		};
		8835B0A723E757E700A8C55F /* Debug */ = {
			isa = XCBuildConfiguration;
			buildSettings = {
				ALWAYS_SEARCH_USER_PATHS = NO;
				CLANG_ANALYZER_NONNULL = YES;
				CLANG_ANALYZER_NUMBER_OBJECT_CONVERSION = YES_AGGRESSIVE;
				CLANG_CXX_LANGUAGE_STANDARD = "gnu++14";
				CLANG_CXX_LIBRARY = "libc++";
				CLANG_ENABLE_MODULES = YES;
				CLANG_ENABLE_OBJC_ARC = YES;
				CLANG_ENABLE_OBJC_WEAK = YES;
				CLANG_WARN_BLOCK_CAPTURE_AUTORELEASING = YES;
				CLANG_WARN_BOOL_CONVERSION = YES;
				CLANG_WARN_COMMA = YES;
				CLANG_WARN_CONSTANT_CONVERSION = YES;
				CLANG_WARN_DEPRECATED_OBJC_IMPLEMENTATIONS = YES;
				CLANG_WARN_DIRECT_OBJC_ISA_USAGE = YES_ERROR;
				CLANG_WARN_DOCUMENTATION_COMMENTS = YES;
				CLANG_WARN_EMPTY_BODY = YES;
				CLANG_WARN_ENUM_CONVERSION = YES;
				CLANG_WARN_INFINITE_RECURSION = YES;
				CLANG_WARN_INT_CONVERSION = YES;
				CLANG_WARN_NON_LITERAL_NULL_CONVERSION = YES;
				CLANG_WARN_OBJC_IMPLICIT_RETAIN_SELF = YES;
				CLANG_WARN_OBJC_LITERAL_CONVERSION = YES;
				CLANG_WARN_OBJC_ROOT_CLASS = YES_ERROR;
				CLANG_WARN_RANGE_LOOP_ANALYSIS = YES;
				CLANG_WARN_STRICT_PROTOTYPES = YES;
				CLANG_WARN_SUSPICIOUS_MOVE = YES;
				CLANG_WARN_UNGUARDED_AVAILABILITY = YES_AGGRESSIVE;
				CLANG_WARN_UNREACHABLE_CODE = YES;
				CLANG_WARN__DUPLICATE_METHOD_MATCH = YES;
				COPY_PHASE_STRIP = NO;
				DEBUG_INFORMATION_FORMAT = dwarf;
				ENABLE_STRICT_OBJC_MSGSEND = YES;
				ENABLE_TESTABILITY = YES;
				GCC_C_LANGUAGE_STANDARD = gnu11;
				GCC_DYNAMIC_NO_PIC = NO;
				GCC_NO_COMMON_BLOCKS = YES;
				GCC_OPTIMIZATION_LEVEL = 0;
				GCC_PREPROCESSOR_DEFINITIONS = (
					"DEBUG=1",
					"$(inherited)",
				);
				GCC_WARN_64_TO_32_BIT_CONVERSION = YES;
				GCC_WARN_ABOUT_RETURN_TYPE = YES_ERROR;
				GCC_WARN_UNDECLARED_SELECTOR = YES;
				GCC_WARN_UNINITIALIZED_AUTOS = YES_AGGRESSIVE;
				GCC_WARN_UNUSED_FUNCTION = YES;
				GCC_WARN_UNUSED_VARIABLE = YES;
				IPHONEOS_DEPLOYMENT_TARGET = 13.2;
				MTL_ENABLE_DEBUG_INFO = INCLUDE_SOURCE;
				MTL_FAST_MATH = YES;
				ONLY_ACTIVE_ARCH = YES;
				SDKROOT = iphoneos;
				SWIFT_ACTIVE_COMPILATION_CONDITIONS = DEBUG;
				SWIFT_OPTIMIZATION_LEVEL = "-Onone";
			};
			name = Debug;
		};
		8835B0A823E757E700A8C55F /* Release */ = {
			isa = XCBuildConfiguration;
			buildSettings = {
				ALWAYS_SEARCH_USER_PATHS = NO;
				CLANG_ANALYZER_NONNULL = YES;
				CLANG_ANALYZER_NUMBER_OBJECT_CONVERSION = YES_AGGRESSIVE;
				CLANG_CXX_LANGUAGE_STANDARD = "gnu++14";
				CLANG_CXX_LIBRARY = "libc++";
				CLANG_ENABLE_MODULES = YES;
				CLANG_ENABLE_OBJC_ARC = YES;
				CLANG_ENABLE_OBJC_WEAK = YES;
				CLANG_WARN_BLOCK_CAPTURE_AUTORELEASING = YES;
				CLANG_WARN_BOOL_CONVERSION = YES;
				CLANG_WARN_COMMA = YES;
				CLANG_WARN_CONSTANT_CONVERSION = YES;
				CLANG_WARN_DEPRECATED_OBJC_IMPLEMENTATIONS = YES;
				CLANG_WARN_DIRECT_OBJC_ISA_USAGE = YES_ERROR;
				CLANG_WARN_DOCUMENTATION_COMMENTS = YES;
				CLANG_WARN_EMPTY_BODY = YES;
				CLANG_WARN_ENUM_CONVERSION = YES;
				CLANG_WARN_INFINITE_RECURSION = YES;
				CLANG_WARN_INT_CONVERSION = YES;
				CLANG_WARN_NON_LITERAL_NULL_CONVERSION = YES;
				CLANG_WARN_OBJC_IMPLICIT_RETAIN_SELF = YES;
				CLANG_WARN_OBJC_LITERAL_CONVERSION = YES;
				CLANG_WARN_OBJC_ROOT_CLASS = YES_ERROR;
				CLANG_WARN_RANGE_LOOP_ANALYSIS = YES;
				CLANG_WARN_STRICT_PROTOTYPES = YES;
				CLANG_WARN_SUSPICIOUS_MOVE = YES;
				CLANG_WARN_UNGUARDED_AVAILABILITY = YES_AGGRESSIVE;
				CLANG_WARN_UNREACHABLE_CODE = YES;
				CLANG_WARN__DUPLICATE_METHOD_MATCH = YES;
				COPY_PHASE_STRIP = NO;
				DEBUG_INFORMATION_FORMAT = "dwarf-with-dsym";
				ENABLE_NS_ASSERTIONS = NO;
				ENABLE_STRICT_OBJC_MSGSEND = YES;
				GCC_C_LANGUAGE_STANDARD = gnu11;
				GCC_NO_COMMON_BLOCKS = YES;
				GCC_WARN_64_TO_32_BIT_CONVERSION = YES;
				GCC_WARN_ABOUT_RETURN_TYPE = YES_ERROR;
				GCC_WARN_UNDECLARED_SELECTOR = YES;
				GCC_WARN_UNINITIALIZED_AUTOS = YES_AGGRESSIVE;
				GCC_WARN_UNUSED_FUNCTION = YES;
				GCC_WARN_UNUSED_VARIABLE = YES;
				IPHONEOS_DEPLOYMENT_TARGET = 13.2;
				MTL_ENABLE_DEBUG_INFO = NO;
				MTL_FAST_MATH = YES;
				SDKROOT = iphoneos;
				SWIFT_COMPILATION_MODE = wholemodule;
				SWIFT_OPTIMIZATION_LEVEL = "-O";
				VALIDATE_PRODUCT = YES;
			};
			name = Release;
		};
		8835B0AA23E757E700A8C55F /* Debug */ = {
			isa = XCBuildConfiguration;
			baseConfigurationReference = F3EAA1DB4DCB819C9FC10960 /* Pods-Charting Tests.debug.xcconfig */;
			buildSettings = {
				ASSETCATALOG_COMPILER_APPICON_NAME = AppIcon;
				CODE_SIGN_STYLE = Automatic;
				DEVELOPMENT_TEAM = SQJJLV44P2;
				INFOPLIST_FILE = "Charting Tests/Info.plist";
				LD_RUNPATH_SEARCH_PATHS = (
					"$(inherited)",
					"@executable_path/Frameworks",
				);
				PRODUCT_BUNDLE_IDENTIFIER = "pt.riar.Charting-Tests";
				PRODUCT_NAME = "$(TARGET_NAME)";
				SWIFT_VERSION = 5.0;
				TARGETED_DEVICE_FAMILY = "1,2";
			};
			name = Debug;
		};
		8835B0AB23E757E700A8C55F /* Release */ = {
			isa = XCBuildConfiguration;
			baseConfigurationReference = F3F414B5598CD44D2D595BBF /* Pods-Charting Tests.release.xcconfig */;
			buildSettings = {
				ASSETCATALOG_COMPILER_APPICON_NAME = AppIcon;
				CODE_SIGN_STYLE = Automatic;
				DEVELOPMENT_TEAM = SQJJLV44P2;
				INFOPLIST_FILE = "Charting Tests/Info.plist";
				LD_RUNPATH_SEARCH_PATHS = (
					"$(inherited)",
					"@executable_path/Frameworks",
				);
				PRODUCT_BUNDLE_IDENTIFIER = "pt.riar.Charting-Tests";
				PRODUCT_NAME = "$(TARGET_NAME)";
				SWIFT_VERSION = 5.0;
				TARGETED_DEVICE_FAMILY = "1,2";
			};
			name = Release;
		};
/* End XCBuildConfiguration section */

/* Begin XCConfigurationList section */
		880FFB2623E758E400C5515E /* Build configuration list for PBXNativeTarget "Charting" */ = {
			isa = XCConfigurationList;
			buildConfigurations = (
				880FFB2423E758E400C5515E /* Debug */,
				880FFB2523E758E400C5515E /* Release */,
			);
			defaultConfigurationIsVisible = 0;
			defaultConfigurationName = Release;
		};
		880FFB4E23E8854400C5515E /* Build configuration list for PBXNativeTarget "Observables" */ = {
			isa = XCConfigurationList;
			buildConfigurations = (
				880FFB4F23E8854400C5515E /* Debug */,
				880FFB5023E8854400C5515E /* Release */,
			);
			defaultConfigurationIsVisible = 0;
			defaultConfigurationName = Release;
		};
		880FFB5F23E9B80400C5515E /* Build configuration list for PBXNativeTarget "Utils" */ = {
			isa = XCConfigurationList;
			buildConfigurations = (
				880FFB6023E9B80400C5515E /* Debug */,
				880FFB6123E9B80400C5515E /* Release */,
			);
			defaultConfigurationIsVisible = 0;
			defaultConfigurationName = Release;
		};
		8835B09023E757E300A8C55F /* Build configuration list for PBXProject "Charting Tests" */ = {
			isa = XCConfigurationList;
			buildConfigurations = (
				8835B0A723E757E700A8C55F /* Debug */,
				8835B0A823E757E700A8C55F /* Release */,
			);
			defaultConfigurationIsVisible = 0;
			defaultConfigurationName = Release;
		};
		8835B0A923E757E700A8C55F /* Build configuration list for PBXNativeTarget "Charting Tests" */ = {
			isa = XCConfigurationList;
			buildConfigurations = (
				8835B0AA23E757E700A8C55F /* Debug */,
				8835B0AB23E757E700A8C55F /* Release */,
			);
			defaultConfigurationIsVisible = 0;
			defaultConfigurationName = Release;
		};
/* End XCConfigurationList section */
	};
	rootObject = 8835B08D23E757E300A8C55F /* Project object */;
}
